// !$*UTF8*$!
{
	archiveVersion = 1;
	classes = {
	};
	objectVersion = 46;
	objects = {

/* Begin PBXBuildFile section */
		225AD4361B6A63FA0015D94D /* AppDelegate.swift in Sources */ = {isa = PBXBuildFile; fileRef = 225AD4351B6A63FA0015D94D /* AppDelegate.swift */; };
		225AD4381B6A63FA0015D94D /* ViewController.swift in Sources */ = {isa = PBXBuildFile; fileRef = 225AD4371B6A63FA0015D94D /* ViewController.swift */; };
		225AD43B1B6A63FA0015D94D /* Main.storyboard in Resources */ = {isa = PBXBuildFile; fileRef = 225AD4391B6A63FA0015D94D /* Main.storyboard */; };
		225AD43D1B6A63FA0015D94D /* Images.xcassets in Resources */ = {isa = PBXBuildFile; fileRef = 225AD43C1B6A63FA0015D94D /* Images.xcassets */; };
		225AD4401B6A63FA0015D94D /* LaunchScreen.xib in Resources */ = {isa = PBXBuildFile; fileRef = 225AD43E1B6A63FA0015D94D /* LaunchScreen.xib */; };
		225AD44C1B6A63FA0015D94D /* WeatherTests.swift in Sources */ = {isa = PBXBuildFile; fileRef = 225AD44B1B6A63FA0015D94D /* WeatherTests.swift */; };
/* End PBXBuildFile section */

/* Begin PBXContainerItemProxy section */
		225AD4461B6A63FA0015D94D /* PBXContainerItemProxy */ = {
			isa = PBXContainerItemProxy;
			containerPortal = 225AD4281B6A63FA0015D94D /* Project object */;
			proxyType = 1;
			remoteGlobalIDString = 225AD42F1B6A63FA0015D94D;
			remoteInfo = Weather;
		};
/* End PBXContainerItemProxy section */

/* Begin PBXFileReference section */
		225AD4301B6A63FA0015D94D /* Weather.app */ = {isa = PBXFileReference; explicitFileType = wrapper.application; includeInIndex = 0; path = Weather.app; sourceTree = BUILT_PRODUCTS_DIR; };
		225AD4341B6A63FA0015D94D /* Info.plist */ = {isa = PBXFileReference; lastKnownFileType = text.plist.xml; path = Info.plist; sourceTree = "<group>"; };
		225AD4351B6A63FA0015D94D /* AppDelegate.swift */ = {isa = PBXFileReference; lastKnownFileType = sourcecode.swift; path = AppDelegate.swift; sourceTree = "<group>"; };
		225AD4371B6A63FA0015D94D /* ViewController.swift */ = {isa = PBXFileReference; lastKnownFileType = sourcecode.swift; path = ViewController.swift; sourceTree = "<group>"; };
		225AD43A1B6A63FA0015D94D /* Base */ = {isa = PBXFileReference; lastKnownFileType = file.storyboard; name = Base; path = Base.lproj/Main.storyboard; sourceTree = "<group>"; };
		225AD43C1B6A63FA0015D94D /* Images.xcassets */ = {isa = PBXFileReference; lastKnownFileType = folder.assetcatalog; path = Images.xcassets; sourceTree = "<group>"; };
		225AD43F1B6A63FA0015D94D /* Base */ = {isa = PBXFileReference; lastKnownFileType = file.xib; name = Base; path = Base.lproj/LaunchScreen.xib; sourceTree = "<group>"; };
		225AD4451B6A63FA0015D94D /* WeatherTests.xctest */ = {isa = PBXFileReference; explicitFileType = wrapper.cfbundle; includeInIndex = 0; path = WeatherTests.xctest; sourceTree = BUILT_PRODUCTS_DIR; };
		225AD44A1B6A63FA0015D94D /* Info.plist */ = {isa = PBXFileReference; lastKnownFileType = text.plist.xml; path = Info.plist; sourceTree = "<group>"; };
		225AD44B1B6A63FA0015D94D /* WeatherTests.swift */ = {isa = PBXFileReference; lastKnownFileType = sourcecode.swift; path = WeatherTests.swift; sourceTree = "<group>"; };
/* End PBXFileReference section */

/* Begin PBXFrameworksBuildPhase section */
		225AD42D1B6A63FA0015D94D /* Frameworks */ = {
			isa = PBXFrameworksBuildPhase;
			buildActionMask = 2147483647;
			files = (
			);
			runOnlyForDeploymentPostprocessing = 0;
		};
		225AD4421B6A63FA0015D94D /* Frameworks */ = {
			isa = PBXFrameworksBuildPhase;
			buildActionMask = 2147483647;
			files = (
			);
			runOnlyForDeploymentPostprocessing = 0;
		};
/* End PBXFrameworksBuildPhase section */

/* Begin PBXGroup section */
		225AD4271B6A63FA0015D94D = {
			isa = PBXGroup;
			children = (
				225AD4321B6A63FA0015D94D /* Weather */,
				225AD4481B6A63FA0015D94D /* WeatherTests */,
				225AD4311B6A63FA0015D94D /* Products */,
			);
			sourceTree = "<group>";
		};
		225AD4311B6A63FA0015D94D /* Products */ = {
			isa = PBXGroup;
			children = (
				225AD4301B6A63FA0015D94D /* Weather.app */,
				225AD4451B6A63FA0015D94D /* WeatherTests.xctest */,
			);
			name = Products;
			sourceTree = "<group>";
		};
		225AD4321B6A63FA0015D94D /* Weather */ = {
			isa = PBXGroup;
			children = (
				225AD4351B6A63FA0015D94D /* AppDelegate.swift */,
				225AD4371B6A63FA0015D94D /* ViewController.swift */,
				225AD4391B6A63FA0015D94D /* Main.storyboard */,
				225AD43C1B6A63FA0015D94D /* Images.xcassets */,
				225AD43E1B6A63FA0015D94D /* LaunchScreen.xib */,
				225AD4331B6A63FA0015D94D /* Supporting Files */,
			);
			path = Weather;
			sourceTree = "<group>";
		};
		225AD4331B6A63FA0015D94D /* Supporting Files */ = {
			isa = PBXGroup;
			children = (
				225AD4341B6A63FA0015D94D /* Info.plist */,
			);
			name = "Supporting Files";
			sourceTree = "<group>";
		};
		225AD4481B6A63FA0015D94D /* WeatherTests */ = {
			isa = PBXGroup;
			children = (
				225AD44B1B6A63FA0015D94D /* WeatherTests.swift */,
				225AD4491B6A63FA0015D94D /* Supporting Files */,
			);
			path = WeatherTests;
			sourceTree = "<group>";
		};
		225AD4491B6A63FA0015D94D /* Supporting Files */ = {
			isa = PBXGroup;
			children = (
				225AD44A1B6A63FA0015D94D /* Info.plist */,
			);
			name = "Supporting Files";
			sourceTree = "<group>";
		};
/* End PBXGroup section */

/* Begin PBXNativeTarget section */
		225AD42F1B6A63FA0015D94D /* Weather */ = {
			isa = PBXNativeTarget;
			buildConfigurationList = 225AD44F1B6A63FA0015D94D /* Build configuration list for PBXNativeTarget "Weather" */;
			buildPhases = (
				225AD42C1B6A63FA0015D94D /* Sources */,
				225AD42D1B6A63FA0015D94D /* Frameworks */,
				225AD42E1B6A63FA0015D94D /* Resources */,
			);
			buildRules = (
			);
			dependencies = (
			);
			name = Weather;
			productName = Weather;
			productReference = 225AD4301B6A63FA0015D94D /* Weather.app */;
			productType = "com.apple.product-type.application";
		};
		225AD4441B6A63FA0015D94D /* WeatherTests */ = {
			isa = PBXNativeTarget;
			buildConfigurationList = 225AD4521B6A63FA0015D94D /* Build configuration list for PBXNativeTarget "WeatherTests" */;
			buildPhases = (
				225AD4411B6A63FA0015D94D /* Sources */,
				225AD4421B6A63FA0015D94D /* Frameworks */,
				225AD4431B6A63FA0015D94D /* Resources */,
			);
			buildRules = (
			);
			dependencies = (
				225AD4471B6A63FA0015D94D /* PBXTargetDependency */,
			);
			name = WeatherTests;
			productName = WeatherTests;
			productReference = 225AD4451B6A63FA0015D94D /* WeatherTests.xctest */;
			productType = "com.apple.product-type.bundle.unit-test";
		};
/* End PBXNativeTarget section */

/* Begin PBXProject section */
		225AD4281B6A63FA0015D94D /* Project object */ = {
			isa = PBXProject;
			attributes = {
				LastUpgradeCheck = 0640;
				ORGANIZATIONNAME = "Diji Adu";
				TargetAttributes = {
					225AD42F1B6A63FA0015D94D = {
						CreatedOnToolsVersion = 6.4;
					};
					225AD4441B6A63FA0015D94D = {
						CreatedOnToolsVersion = 6.4;
						TestTargetID = 225AD42F1B6A63FA0015D94D;
					};
				};
			};
			buildConfigurationList = 225AD42B1B6A63FA0015D94D /* Build configuration list for PBXProject "Weather" */;
			compatibilityVersion = "Xcode 3.2";
			developmentRegion = English;
			hasScannedForEncodings = 0;
			knownRegions = (
				en,
				Base,
			);
			mainGroup = 225AD4271B6A63FA0015D94D;
			productRefGroup = 225AD4311B6A63FA0015D94D /* Products */;
			projectDirPath = "";
			projectRoot = "";
			targets = (
				225AD42F1B6A63FA0015D94D /* Weather */,
				225AD4441B6A63FA0015D94D /* WeatherTests */,
			);
		};
/* End PBXProject section */

/* Begin PBXResourcesBuildPhase section */
		225AD42E1B6A63FA0015D94D /* Resources */ = {
			isa = PBXResourcesBuildPhase;
			buildActionMask = 2147483647;
			files = (
				225AD43B1B6A63FA0015D94D /* Main.storyboard in Resources */,
				225AD4401B6A63FA0015D94D /* LaunchScreen.xib in Resources */,
				225AD43D1B6A63FA0015D94D /* Images.xcassets in Resources */,
			);
			runOnlyForDeploymentPostprocessing = 0;
		};
		225AD4431B6A63FA0015D94D /* Resources */ = {
			isa = PBXResourcesBuildPhase;
			buildActionMask = 2147483647;
			files = (
			);
			runOnlyForDeploymentPostprocessing = 0;
		};
/* End PBXResourcesBuildPhase section */

/* Begin PBXSourcesBuildPhase section */
		225AD42C1B6A63FA0015D94D /* Sources */ = {
			isa = PBXSourcesBuildPhase;
			buildActionMask = 2147483647;
			files = (
				225AD4381B6A63FA0015D94D /* ViewController.swift in Sources */,
				225AD4361B6A63FA0015D94D /* AppDelegate.swift in Sources */,
			);
			runOnlyForDeploymentPostprocessing = 0;
		};
		225AD4411B6A63FA0015D94D /* Sources */ = {
			isa = PBXSourcesBuildPhase;
			buildActionMask = 2147483647;
			files = (
				225AD44C1B6A63FA0015D94D /* WeatherTests.swift in Sources */,
			);
			runOnlyForDeploymentPostprocessing = 0;
		};
/* End PBXSourcesBuildPhase section */

/* Begin PBXTargetDependency section */
		225AD4471B6A63FA0015D94D /* PBXTargetDependency */ = {
			isa = PBXTargetDependency;
			target = 225AD42F1B6A63FA0015D94D /* Weather */;
			targetProxy = 225AD4461B6A63FA0015D94D /* PBXContainerItemProxy */;
		};
/* End PBXTargetDependency section */

/* Begin PBXVariantGroup section */
		225AD4391B6A63FA0015D94D /* Main.storyboard */ = {
			isa = PBXVariantGroup;
			children = (
				225AD43A1B6A63FA0015D94D /* Base */,
			);
			name = Main.storyboard;
			sourceTree = "<group>";
		};
		225AD43E1B6A63FA0015D94D /* LaunchScreen.xib */ = {
			isa = PBXVariantGroup;
			children = (
				225AD43F1B6A63FA0015D94D /* Base */,
			);
			name = LaunchScreen.xib;
			sourceTree = "<group>";
		};
/* End PBXVariantGroup section */

/* Begin XCBuildConfiguration section */
		225AD44D1B6A63FA0015D94D /* Debug */ = {
			isa = XCBuildConfiguration;
			buildSettings = {
				ALWAYS_SEARCH_USER_PATHS = NO;
				CLANG_CXX_LANGUAGE_STANDARD = "gnu++0x";
				CLANG_CXX_LIBRARY = "libc++";
				CLANG_ENABLE_MODULES = YES;
				CLANG_ENABLE_OBJC_ARC = YES;
				CLANG_WARN_BOOL_CONVERSION = YES;
				CLANG_WARN_CONSTANT_CONVERSION = YES;
				CLANG_WARN_DIRECT_OBJC_ISA_USAGE = YES_ERROR;
				CLANG_WARN_EMPTY_BODY = YES;
				CLANG_WARN_ENUM_CONVERSION = YES;
				CLANG_WARN_INT_CONVERSION = YES;
				CLANG_WARN_OBJC_ROOT_CLASS = YES_ERROR;
				CLANG_WARN_UNREACHABLE_CODE = YES;
				CLANG_WARN__DUPLICATE_METHOD_MATCH = YES;
				"CODE_SIGN_IDENTITY[sdk=iphoneos*]" = "iPhone Developer";
				COPY_PHASE_STRIP = NO;
				DEBUG_INFORMATION_FORMAT = "dwarf-with-dsym";
				ENABLE_STRICT_OBJC_MSGSEND = YES;
				GCC_C_LANGUAGE_STANDARD = gnu99;
				GCC_DYNAMIC_NO_PIC = NO;
				GCC_NO_COMMON_BLOCKS = YES;
				GCC_OPTIMIZATION_LEVEL = 0;
				GCC_PREPROCESSOR_DEFINITIONS = (
					"DEBUG=1",
					"$(inherited)",
				);
				GCC_SYMBOLS_PRIVATE_EXTERN = NO;
				GCC_WARN_64_TO_32_BIT_CONVERSION = YES;
				GCC_WARN_ABOUT_RETURN_TYPE = YES_ERROR;
				GCC_WARN_UNDECLARED_SELECTOR = YES;
				GCC_WARN_UNINITIALIZED_AUTOS = YES_AGGRESSIVE;
				GCC_WARN_UNUSED_FUNCTION = YES;
				GCC_WARN_UNUSED_VARIABLE = YES;
				IPHONEOS_DEPLOYMENT_TARGET = 8.4;
				MTL_ENABLE_DEBUG_INFO = YES;
				ONLY_ACTIVE_ARCH = YES;
				SDKROOT = iphoneos;
				SWIFT_OPTIMIZATION_LEVEL = "-Onone";
				TARGETED_DEVICE_FAMILY = "1,2";
			};
			name = Debug;
		};
		225AD44E1B6A63FA0015D94D /* Release */ = {
			isa = XCBuildConfiguration;
			buildSettings = {
				ALWAYS_SEARCH_USER_PATHS = NO;
				CLANG_CXX_LANGUAGE_STANDARD = "gnu++0x";
				CLANG_CXX_LIBRARY = "libc++";
				CLANG_ENABLE_MODULES = YES;
				CLANG_ENABLE_OBJC_ARC = YES;
				CLANG_WARN_BOOL_CONVERSION = YES;
				CLANG_WARN_CONSTANT_CONVERSION = YES;
				CLANG_WARN_DIRECT_OBJC_ISA_USAGE = YES_ERROR;
				CLANG_WARN_EMPTY_BODY = YES;
				CLANG_WARN_ENUM_CONVERSION = YES;
				CLANG_WARN_INT_CONVERSION = YES;
				CLANG_WARN_OBJC_ROOT_CLASS = YES_ERROR;
				CLANG_WARN_UNREACHABLE_CODE = YES;
				CLANG_WARN__DUPLICATE_METHOD_MATCH = YES;
				"CODE_SIGN_IDENTITY[sdk=iphoneos*]" = "iPhone Developer";
				COPY_PHASE_STRIP = NO;
				DEBUG_INFORMATION_FORMAT = "dwarf-with-dsym";
				ENABLE_NS_ASSERTIONS = NO;
				ENABLE_STRICT_OBJC_MSGSEND = YES;
				GCC_C_LANGUAGE_STANDARD = gnu99;
				GCC_NO_COMMON_BLOCKS = YES;
				GCC_WARN_64_TO_32_BIT_CONVERSION = YES;
				GCC_WARN_ABOUT_RETURN_TYPE = YES_ERROR;
				GCC_WARN_UNDECLARED_SELECTOR = YES;
				GCC_WARN_UNINITIALIZED_AUTOS = YES_AGGRESSIVE;
				GCC_WARN_UNUSED_FUNCTION = YES;
				GCC_WARN_UNUSED_VARIABLE = YES;
				IPHONEOS_DEPLOYMENT_TARGET = 8.4;
				MTL_ENABLE_DEBUG_INFO = NO;
				SDKROOT = iphoneos;
				TARGETED_DEVICE_FAMILY = "1,2";
				VALIDATE_PRODUCT = YES;
			};
			name = Release;
		};
		225AD4501B6A63FA0015D94D /* Debug */ = {
			isa = XCBuildConfiguration;
			buildSettings = {
				ASSETCATALOG_COMPILER_APPICON_NAME = AppIcon;
				INFOPLIST_FILE = Weather/Info.plist;
				LD_RUNPATH_SEARCH_PATHS = "$(inherited) @executable_path/Frameworks";
				PRODUCT_NAME = "$(TARGET_NAME)";
			};
			name = Debug;
		};
		225AD4511B6A63FA0015D94D /* Release */ = {
			isa = XCBuildConfiguration;
			buildSettings = {
				ASSETCATALOG_COMPILER_APPICON_NAME = AppIcon;
				INFOPLIST_FILE = Weather/Info.plist;
				LD_RUNPATH_SEARCH_PATHS = "$(inherited) @executable_path/Frameworks";
				PRODUCT_NAME = "$(TARGET_NAME)";
			};
			name = Release;
		};
		225AD4531B6A63FA0015D94D /* Debug */ = {
			isa = XCBuildConfiguration;
			buildSettings = {
				BUNDLE_LOADER = "$(TEST_HOST)";
				FRAMEWORK_SEARCH_PATHS = (
					"$(SDKROOT)/Developer/Library/Frameworks",
					"$(inherited)",
				);
				GCC_PREPROCESSOR_DEFINITIONS = (
					"DEBUG=1",
					"$(inherited)",
				);
				INFOPLIST_FILE = WeatherTests/Info.plist;
				LD_RUNPATH_SEARCH_PATHS = "$(inherited) @executable_path/Frameworks @loader_path/Frameworks";
				PRODUCT_NAME = "$(TARGET_NAME)";
				TEST_HOST = "$(BUILT_PRODUCTS_DIR)/Weather.app/Weather";
			};
			name = Debug;
		};
		225AD4541B6A63FA0015D94D /* Release */ = {
			isa = XCBuildConfiguration;
			buildSettings = {
				BUNDLE_LOADER = "$(TEST_HOST)";
				FRAMEWORK_SEARCH_PATHS = (
					"$(SDKROOT)/Developer/Library/Frameworks",
					"$(inherited)",
				);
				INFOPLIST_FILE = WeatherTests/Info.plist;
				LD_RUNPATH_SEARCH_PATHS = "$(inherited) @executable_path/Frameworks @loader_path/Frameworks";
				PRODUCT_NAME = "$(TARGET_NAME)";
				TEST_HOST = "$(BUILT_PRODUCTS_DIR)/Weather.app/Weather";
			};
			name = Release;
		};
/* End XCBuildConfiguration section */

/* Begin XCConfigurationList section */
		225AD42B1B6A63FA0015D94D /* Build configuration list for PBXProject "Weather" */ = {
			isa = XCConfigurationList;
			buildConfigurations = (
				225AD44D1B6A63FA0015D94D /* Debug */,
				225AD44E1B6A63FA0015D94D /* Release */,
			);
			defaultConfigurationIsVisible = 0;
			defaultConfigurationName = Release;
		};
		225AD44F1B6A63FA0015D94D /* Build configuration list for PBXNativeTarget "Weather" */ = {
			isa = XCConfigurationList;
			buildConfigurations = (
				225AD4501B6A63FA0015D94D /* Debug */,
				225AD4511B6A63FA0015D94D /* Release */,
			);
			defaultConfigurationIsVisible = 0;
		};
		225AD4521B6A63FA0015D94D /* Build configuration list for PBXNativeTarget "WeatherTests" */ = {
			isa = XCConfigurationList;
			buildConfigurations = (
				225AD4531B6A63FA0015D94D /* Debug */,
				225AD4541B6A63FA0015D94D /* Release */,
			);
			defaultConfigurationIsVisible = 0;
		};
/* End XCConfigurationList section */
	};
	rootObject = 225AD4281B6A63FA0015D94D /* Project object */;
}
